
Microsoft Visual Studio Solution File, Format Version 12.00
# Visual Studio 15
VisualStudioVersion = 15.0.27703.2047
MinimumVisualStudioVersion = 10.0.40219.1
Project("{FAE04EC0-301F-11D3-BF4B-00C04F79EFBC}") = "Admin", "Admin\Admin.csproj", "{CEC1FED3-6277-4649-B9A4-DA371422901A}"
EndProject
Project("{FAE04EC0-301F-11D3-BF4B-00C04F79EFBC}") = "Model.Dao", "Model.Dao\Model.Dao.csproj", "{3FE7F1AF-E7A8-43C1-94E3-3CBA9F8EE1F1}"
EndProject
Project("{FAE04EC0-301F-11D3-BF4B-00C04F79EFBC}") = "Model.Entity", "Model.Entity\Model.Entity.csproj", "{C791A2F2-9ED6-4DCE-8947-9339997AD55D}"
EndProject
Project("{FAE04EC0-301F-11D3-BF4B-00C04F79EFBC}") = "Model.Neg", "Model.Neg\Model.Neg.csproj", "{4963DF82-8386-4BEA-BC86-317DFE4C342E}"
EndProject
Global
	GlobalSection(SolutionConfigurationPlatforms) = preSolution
		Debug|Any CPU = Debug|Any CPU
		Release|Any CPU = Release|Any CPU
	EndGlobalSection
	GlobalSection(ProjectConfigurationPlatforms) = postSolution
		{CEC1FED3-6277-4649-B9A4-DA371422901A}.Debug|Any CPU.ActiveCfg = Debug|Any CPU
		{CEC1FED3-6277-4649-B9A4-DA371422901A}.Debug|Any CPU.Build.0 = Debug|Any CPU
		{CEC1FED3-6277-4649-B9A4-DA371422901A}.Release|Any CPU.ActiveCfg = Release|Any CPU
		{CEC1FED3-6277-4649-B9A4-DA371422901A}.Release|Any CPU.Build.0 = Release|Any CPU
		{3FE7F1AF-E7A8-43C1-94E3-3CBA9F8EE1F1}.Debug|Any CPU.ActiveCfg = Debug|Any CPU
		{3FE7F1AF-E7A8-43C1-94E3-3CBA9F8EE1F1}.Debug|Any CPU.Build.0 = Debug|Any CPU
		{3FE7F1AF-E7A8-43C1-94E3-3CBA9F8EE1F1}.Release|Any CPU.ActiveCfg = Release|Any CPU
		{3FE7F1AF-E7A8-43C1-94E3-3CBA9F8EE1F1}.Release|Any CPU.Build.0 = Release|Any CPU
		{C791A2F2-9ED6-4DCE-8947-9339997AD55D}.Debug|Any CPU.ActiveCfg = Debug|Any CPU
		{C791A2F2-9ED6-4DCE-8947-9339997AD55D}.Debug|Any CPU.Build.0 = Debug|Any CPU
		{C791A2F2-9ED6-4DCE-8947-9339997AD55D}.Release|Any CPU.ActiveCfg = Release|Any CPU
		{C791A2F2-9ED6-4DCE-8947-9339997AD55D}.Release|Any CPU.Build.0 = Release|Any CPU
		{4963DF82-8386-4BEA-BC86-317DFE4C342E}.Debug|Any CPU.ActiveCfg = Debug|Any CPU
		{4963DF82-8386-4BEA-BC86-317DFE4C342E}.Debug|Any CPU.Build.0 = Debug|Any CPU
		{4963DF82-8386-4BEA-BC86-317DFE4C342E}.Release|Any CPU.ActiveCfg = Release|Any CPU
		{4963DF82-8386-4BEA-BC86-317DFE4C342E}.Release|Any CPU.Build.0 = Release|Any CPU
	EndGlobalSection
	GlobalSection(SolutionProperties) = preSolution
		HideSolutionNode = FALSE
	EndGlobalSection
	GlobalSection(ExtensibilityGlobals) = postSolution
		SolutionGuid = {677D789F-41C0-4F75-B9D7-204FFE2D694D}
	EndGlobalSection
EndGlobal
